
Microsoft Visual Studio Solution File, Format Version 12.00
# Visual Studio Version 17
VisualStudioVersion = 17.14.36202.13 d17.14
MinimumVisualStudioVersion = 10.0.40219.1
Project("{FAE04EC0-301F-11D3-BF4B-00C04F79EFBC}") = "APICatalogo", "APICatalogo\APICatalogo.csproj", "{B407F6C1-C773-438E-A38B-BFC7647EA73D}"
EndProject
Global
	GlobalSection(SolutionConfigurationPlatforms) = preSolution
		Debug|Any CPU = Debug|Any CPU
		Release|Any CPU = Release|Any CPU
	EndGlobalSection
	GlobalSection(ProjectConfigurationPlatforms) = postSolution
		{B407F6C1-C773-438E-A38B-BFC7647EA73D}.Debug|Any CPU.ActiveCfg = Debug|Any CPU
		{B407F6C1-C773-438E-A38B-BFC7647EA73D}.Debug|Any CPU.Build.0 = Debug|Any CPU
		{B407F6C1-C773-438E-A38B-BFC7647EA73D}.Release|Any CPU.ActiveCfg = Release|Any CPU
		{B407F6C1-C773-438E-A38B-BFC7647EA73D}.Release|Any CPU.Build.0 = Release|Any CPU
	EndGlobalSection
	GlobalSection(SolutionProperties) = preSolution
		HideSolutionNode = FALSE
	EndGlobalSection
	GlobalSection(ExtensibilityGlobals) = postSolution
		SolutionGuid = {112872B9-3CBC-4740-AB56-9FC977B6D362}
	EndGlobalSection
EndGlobal
